
Microsoft Visual Studio Solution File, Format Version 12.00
# Visual Studio 15
VisualStudioVersion = 15.0.28010.2046
MinimumVisualStudioVersion = 10.0.40219.1
Project("{FAE04EC0-301F-11D3-BF4B-00C04F79EFBC}") = "dot-net-rocks-player-console-core", "dot-net-rocks-player-console-core\dot-net-rocks-player-console-core.csproj", "{4F308BA5-7392-43E4-9F05-E0D0113C595E}"
EndProject
Global
	GlobalSection(SolutionConfigurationPlatforms) = preSolution
		Debug|Any CPU = Debug|Any CPU
		Release|Any CPU = Release|Any CPU
	EndGlobalSection
	GlobalSection(ProjectConfigurationPlatforms) = postSolution
		{4F308BA5-7392-43E4-9F05-E0D0113C595E}.Debug|Any CPU.ActiveCfg = Debug|Any CPU
		{4F308BA5-7392-43E4-9F05-E0D0113C595E}.Debug|Any CPU.Build.0 = Debug|Any CPU
		{4F308BA5-7392-43E4-9F05-E0D0113C595E}.Release|Any CPU.ActiveCfg = Release|Any CPU
		{4F308BA5-7392-43E4-9F05-E0D0113C595E}.Release|Any CPU.Build.0 = Release|Any CPU
	EndGlobalSection
	GlobalSection(SolutionProperties) = preSolution
		HideSolutionNode = FALSE
	EndGlobalSection
	GlobalSection(ExtensibilityGlobals) = postSolution
		SolutionGuid = {53619C83-F517-4AEF-AD9B-71F3FFB1F87C}
	EndGlobalSection
EndGlobal
